// !$*UTF8*$!
{
	archiveVersion = 1;
	classes = {
	};
	objectVersion = 46;
	objects = {

/* Begin PBXBuildFile section */
		2EB7724D19F0C1B20035E8DC /* main.m in Sources */ = {isa = PBXBuildFile; fileRef = 2EB7724C19F0C1B20035E8DC /* main.m */; };
		2EB7725019F0C1B20035E8DC /* AppDelegate.m in Sources */ = {isa = PBXBuildFile; fileRef = 2EB7724F19F0C1B20035E8DC /* AppDelegate.m */; };
		2EB7725619F0C1B20035E8DC /* Main.storyboard in Resources */ = {isa = PBXBuildFile; fileRef = 2EB7725419F0C1B20035E8DC /* Main.storyboard */; };
		2EB7725819F0C1B20035E8DC /* Images.xcassets in Resources */ = {isa = PBXBuildFile; fileRef = 2EB7725719F0C1B20035E8DC /* Images.xcassets */; };
		2EB7725B19F0C1B20035E8DC /* LaunchScreen.xib in Resources */ = {isa = PBXBuildFile; fileRef = 2EB7725919F0C1B20035E8DC /* LaunchScreen.xib */; };
		2EB7726719F0C1B20035E8DC /* UITableViewController_Challenge_SolutionTests.m in Sources */ = {isa = PBXBuildFile; fileRef = 2EB7726619F0C1B20035E8DC /* UITableViewController_Challenge_SolutionTests.m */; };
		2EB7727219F0C2DF0035E8DC /* TableViewController.m in Sources */ = {isa = PBXBuildFile; fileRef = 2EB7727119F0C2DF0035E8DC /* TableViewController.m */; };
/* End PBXBuildFile section */

/* Begin PBXContainerItemProxy section */
		2EB7726119F0C1B20035E8DC /* PBXContainerItemProxy */ = {
			isa = PBXContainerItemProxy;
			containerPortal = 2EB7723F19F0C1B20035E8DC /* Project object */;
			proxyType = 1;
			remoteGlobalIDString = 2EB7724619F0C1B20035E8DC;
			remoteInfo = "UITableViewController Challenge Solution";
		};
/* End PBXContainerItemProxy section */

/* Begin PBXFileReference section */
		2EB7724719F0C1B20035E8DC /* UITableViewController Challenge Solution.app */ = {isa = PBXFileReference; explicitFileType = wrapper.application; includeInIndex = 0; path = "UITableViewController Challenge Solution.app"; sourceTree = BUILT_PRODUCTS_DIR; };
		2EB7724B19F0C1B20035E8DC /* Info.plist */ = {isa = PBXFileReference; lastKnownFileType = text.plist.xml; path = Info.plist; sourceTree = "<group>"; };
		2EB7724C19F0C1B20035E8DC /* main.m */ = {isa = PBXFileReference; lastKnownFileType = sourcecode.c.objc; path = main.m; sourceTree = "<group>"; };
		2EB7724E19F0C1B20035E8DC /* AppDelegate.h */ = {isa = PBXFileReference; lastKnownFileType = sourcecode.c.h; path = AppDelegate.h; sourceTree = "<group>"; };
		2EB7724F19F0C1B20035E8DC /* AppDelegate.m */ = {isa = PBXFileReference; lastKnownFileType = sourcecode.c.objc; path = AppDelegate.m; sourceTree = "<group>"; };
		2EB7725519F0C1B20035E8DC /* Base */ = {isa = PBXFileReference; lastKnownFileType = file.storyboard; name = Base; path = Base.lproj/Main.storyboard; sourceTree = "<group>"; };
		2EB7725719F0C1B20035E8DC /* Images.xcassets */ = {isa = PBXFileReference; lastKnownFileType = folder.assetcatalog; path = Images.xcassets; sourceTree = "<group>"; };
		2EB7725A19F0C1B20035E8DC /* Base */ = {isa = PBXFileReference; lastKnownFileType = file.xib; name = Base; path = Base.lproj/LaunchScreen.xib; sourceTree = "<group>"; };
		2EB7726019F0C1B20035E8DC /* UITableViewController Challenge SolutionTests.xctest */ = {isa = PBXFileReference; explicitFileType = wrapper.cfbundle; includeInIndex = 0; path = "UITableViewController Challenge SolutionTests.xctest"; sourceTree = BUILT_PRODUCTS_DIR; };
		2EB7726519F0C1B20035E8DC /* Info.plist */ = {isa = PBXFileReference; lastKnownFileType = text.plist.xml; path = Info.plist; sourceTree = "<group>"; };
		2EB7726619F0C1B20035E8DC /* UITableViewController_Challenge_SolutionTests.m */ = {isa = PBXFileReference; lastKnownFileType = sourcecode.c.objc; path = UITableViewController_Challenge_SolutionTests.m; sourceTree = "<group>"; };
		2EB7727019F0C2DF0035E8DC /* TableViewController.h */ = {isa = PBXFileReference; fileEncoding = 4; lastKnownFileType = sourcecode.c.h; path = TableViewController.h; sourceTree = "<group>"; };
		2EB7727119F0C2DF0035E8DC /* TableViewController.m */ = {isa = PBXFileReference; fileEncoding = 4; lastKnownFileType = sourcecode.c.objc; path = TableViewController.m; sourceTree = "<group>"; };
/* End PBXFileReference section */

/* Begin PBXFrameworksBuildPhase section */
		2EB7724419F0C1B20035E8DC /* Frameworks */ = {
			isa = PBXFrameworksBuildPhase;
			buildActionMask = 2147483647;
			files = (
			);
			runOnlyForDeploymentPostprocessing = 0;
		};
		2EB7725D19F0C1B20035E8DC /* Frameworks */ = {
			isa = PBXFrameworksBuildPhase;
			buildActionMask = 2147483647;
			files = (
			);
			runOnlyForDeploymentPostprocessing = 0;
		};
/* End PBXFrameworksBuildPhase section */

/* Begin PBXGroup section */
		2EB7723E19F0C1B20035E8DC = {
			isa = PBXGroup;
			children = (
				2EB7724919F0C1B20035E8DC /* UITableViewController Challenge Solution */,
				2EB7726319F0C1B20035E8DC /* UITableViewController Challenge SolutionTests */,
				2EB7724819F0C1B20035E8DC /* Products */,
			);
			sourceTree = "<group>";
		};
		2EB7724819F0C1B20035E8DC /* Products */ = {
			isa = PBXGroup;
			children = (
				2EB7724719F0C1B20035E8DC /* UITableViewController Challenge Solution.app */,
				2EB7726019F0C1B20035E8DC /* UITableViewController Challenge SolutionTests.xctest */,
			);
			name = Products;
			sourceTree = "<group>";
		};
		2EB7724919F0C1B20035E8DC /* UITableViewController Challenge Solution */ = {
			isa = PBXGroup;
			children = (
				2EB7724E19F0C1B20035E8DC /* AppDelegate.h */,
				2EB7724F19F0C1B20035E8DC /* AppDelegate.m */,
				2EB7725419F0C1B20035E8DC /* Main.storyboard */,
				2EB7727019F0C2DF0035E8DC /* TableViewController.h */,
				2EB7727119F0C2DF0035E8DC /* TableViewController.m */,
				2EB7725719F0C1B20035E8DC /* Images.xcassets */,
				2EB7725919F0C1B20035E8DC /* LaunchScreen.xib */,
				2EB7724A19F0C1B20035E8DC /* Supporting Files */,
			);
			path = "UITableViewController Challenge Solution";
			sourceTree = "<group>";
		};
		2EB7724A19F0C1B20035E8DC /* Supporting Files */ = {
			isa = PBXGroup;
			children = (
				2EB7724B19F0C1B20035E8DC /* Info.plist */,
				2EB7724C19F0C1B20035E8DC /* main.m */,
			);
			name = "Supporting Files";
			sourceTree = "<group>";
		};
		2EB7726319F0C1B20035E8DC /* UITableViewController Challenge SolutionTests */ = {
			isa = PBXGroup;
			children = (
				2EB7726619F0C1B20035E8DC /* UITableViewController_Challenge_SolutionTests.m */,
				2EB7726419F0C1B20035E8DC /* Supporting Files */,
			);
			path = "UITableViewController Challenge SolutionTests";
			sourceTree = "<group>";
		};
		2EB7726419F0C1B20035E8DC /* Supporting Files */ = {
			isa = PBXGroup;
			children = (
				2EB7726519F0C1B20035E8DC /* Info.plist */,
			);
			name = "Supporting Files";
			sourceTree = "<group>";
		};
/* End PBXGroup section */

/* Begin PBXNativeTarget section */
		2EB7724619F0C1B20035E8DC /* UITableViewController Challenge Solution */ = {
			isa = PBXNativeTarget;
			buildConfigurationList = 2EB7726A19F0C1B20035E8DC /* Build configuration list for PBXNativeTarget "UITableViewController Challenge Solution" */;
			buildPhases = (
				2EB7724319F0C1B20035E8DC /* Sources */,
				2EB7724419F0C1B20035E8DC /* Frameworks */,
				2EB7724519F0C1B20035E8DC /* Resources */,
			);
			buildRules = (
			);
			dependencies = (
			);
			name = "UITableViewController Challenge Solution";
			productName = "UITableViewController Challenge Solution";
			productReference = 2EB7724719F0C1B20035E8DC /* UITableViewController Challenge Solution.app */;
			productType = "com.apple.product-type.application";
		};
		2EB7725F19F0C1B20035E8DC /* UITableViewController Challenge SolutionTests */ = {
			isa = PBXNativeTarget;
			buildConfigurationList = 2EB7726D19F0C1B20035E8DC /* Build configuration list for PBXNativeTarget "UITableViewController Challenge SolutionTests" */;
			buildPhases = (
				2EB7725C19F0C1B20035E8DC /* Sources */,
				2EB7725D19F0C1B20035E8DC /* Frameworks */,
				2EB7725E19F0C1B20035E8DC /* Resources */,
			);
			buildRules = (
			);
			dependencies = (
				2EB7726219F0C1B20035E8DC /* PBXTargetDependency */,
			);
			name = "UITableViewController Challenge SolutionTests";
			productName = "UITableViewController Challenge SolutionTests";
			productReference = 2EB7726019F0C1B20035E8DC /* UITableViewController Challenge SolutionTests.xctest */;
			productType = "com.apple.product-type.bundle.unit-test";
		};
/* End PBXNativeTarget section */

/* Begin PBXProject section */
		2EB7723F19F0C1B20035E8DC /* Project object */ = {
			isa = PBXProject;
			attributes = {
				LastUpgradeCheck = 0600;
				ORGANIZATIONNAME = "Code Coalition";
				TargetAttributes = {
					2EB7724619F0C1B20035E8DC = {
						CreatedOnToolsVersion = 6.0.1;
					};
					2EB7725F19F0C1B20035E8DC = {
						CreatedOnToolsVersion = 6.0.1;
						TestTargetID = 2EB7724619F0C1B20035E8DC;
					};
				};
			};
			buildConfigurationList = 2EB7724219F0C1B20035E8DC /* Build configuration list for PBXProject "UITableViewController Challenge Solution" */;
			compatibilityVersion = "Xcode 3.2";
			developmentRegion = English;
			hasScannedForEncodings = 0;
			knownRegions = (
				en,
				Base,
			);
			mainGroup = 2EB7723E19F0C1B20035E8DC;
			productRefGroup = 2EB7724819F0C1B20035E8DC /* Products */;
			projectDirPath = "";
			projectRoot = "";
			targets = (
				2EB7724619F0C1B20035E8DC /* UITableViewController Challenge Solution */,
				2EB7725F19F0C1B20035E8DC /* UITableViewController Challenge SolutionTests */,
			);
		};
/* End PBXProject section */

/* Begin PBXResourcesBuildPhase section */
		2EB7724519F0C1B20035E8DC /* Resources */ = {
			isa = PBXResourcesBuildPhase;
			buildActionMask = 2147483647;
			files = (
				2EB7725619F0C1B20035E8DC /* Main.storyboard in Resources */,
				2EB7725B19F0C1B20035E8DC /* LaunchScreen.xib in Resources */,
				2EB7725819F0C1B20035E8DC /* Images.xcassets in Resources */,
			);
			runOnlyForDeploymentPostprocessing = 0;
		};
		2EB7725E19F0C1B20035E8DC /* Resources */ = {
			isa = PBXResourcesBuildPhase;
			buildActionMask = 2147483647;
			files = (
			);
			runOnlyForDeploymentPostprocessing = 0;
		};
/* End PBXResourcesBuildPhase section */

/* Begin PBXSourcesBuildPhase section */
		2EB7724319F0C1B20035E8DC /* Sources */ = {
			isa = PBXSourcesBuildPhase;
			buildActionMask = 2147483647;
			files = (
				2EB7725019F0C1B20035E8DC /* AppDelegate.m in Sources */,
				2EB7727219F0C2DF0035E8DC /* TableViewController.m in Sources */,
				2EB7724D19F0C1B20035E8DC /* main.m in Sources */,
			);
			runOnlyForDeploymentPostprocessing = 0;
		};
		2EB7725C19F0C1B20035E8DC /* Sources */ = {
			isa = PBXSourcesBuildPhase;
			buildActionMask = 2147483647;
			files = (
				2EB7726719F0C1B20035E8DC /* UITableViewController_Challenge_SolutionTests.m in Sources */,
			);
			runOnlyForDeploymentPostprocessing = 0;
		};
/* End PBXSourcesBuildPhase section */

/* Begin PBXTargetDependency section */
		2EB7726219F0C1B20035E8DC /* PBXTargetDependency */ = {
			isa = PBXTargetDependency;
			target = 2EB7724619F0C1B20035E8DC /* UITableViewController Challenge Solution */;
			targetProxy = 2EB7726119F0C1B20035E8DC /* PBXContainerItemProxy */;
		};
/* End PBXTargetDependency section */

/* Begin PBXVariantGroup section */
		2EB7725419F0C1B20035E8DC /* Main.storyboard */ = {
			isa = PBXVariantGroup;
			children = (
				2EB7725519F0C1B20035E8DC /* Base */,
			);
			name = Main.storyboard;
			sourceTree = "<group>";
		};
		2EB7725919F0C1B20035E8DC /* LaunchScreen.xib */ = {
			isa = PBXVariantGroup;
			children = (
				2EB7725A19F0C1B20035E8DC /* Base */,
			);
			name = LaunchScreen.xib;
			sourceTree = "<group>";
		};
/* End PBXVariantGroup section */

/* Begin XCBuildConfiguration section */
		2EB7726819F0C1B20035E8DC /* Debug */ = {
			isa = XCBuildConfiguration;
			buildSettings = {
				ALWAYS_SEARCH_USER_PATHS = NO;
				CLANG_CXX_LANGUAGE_STANDARD = "gnu++0x";
				CLANG_CXX_LIBRARY = "libc++";
				CLANG_ENABLE_MODULES = YES;
				CLANG_ENABLE_OBJC_ARC = YES;
				CLANG_WARN_BOOL_CONVERSION = YES;
				CLANG_WARN_CONSTANT_CONVERSION = YES;
				CLANG_WARN_DIRECT_OBJC_ISA_USAGE = YES_ERROR;
				CLANG_WARN_EMPTY_BODY = YES;
				CLANG_WARN_ENUM_CONVERSION = YES;
				CLANG_WARN_INT_CONVERSION = YES;
				CLANG_WARN_OBJC_ROOT_CLASS = YES_ERROR;
				CLANG_WARN_UNREACHABLE_CODE = YES;
				CLANG_WARN__DUPLICATE_METHOD_MATCH = YES;
				"CODE_SIGN_IDENTITY[sdk=iphoneos*]" = "iPhone Developer";
				COPY_PHASE_STRIP = NO;
				ENABLE_STRICT_OBJC_MSGSEND = YES;
				GCC_C_LANGUAGE_STANDARD = gnu99;
				GCC_DYNAMIC_NO_PIC = NO;
				GCC_OPTIMIZATION_LEVEL = 0;
				GCC_PREPROCESSOR_DEFINITIONS = (
					"DEBUG=1",
					"$(inherited)",
				);
				GCC_SYMBOLS_PRIVATE_EXTERN = NO;
				GCC_WARN_64_TO_32_BIT_CONVERSION = YES;
				GCC_WARN_ABOUT_RETURN_TYPE = YES_ERROR;
				GCC_WARN_UNDECLARED_SELECTOR = YES;
				GCC_WARN_UNINITIALIZED_AUTOS = YES_AGGRESSIVE;
				GCC_WARN_UNUSED_FUNCTION = YES;
				GCC_WARN_UNUSED_VARIABLE = YES;
				IPHONEOS_DEPLOYMENT_TARGET = 8.0;
				MTL_ENABLE_DEBUG_INFO = YES;
				ONLY_ACTIVE_ARCH = YES;
				SDKROOT = iphoneos;
			};
			name = Debug;
		};
		2EB7726919F0C1B20035E8DC /* Release */ = {
			isa = XCBuildConfiguration;
			buildSettings = {
				ALWAYS_SEARCH_USER_PATHS = NO;
				CLANG_CXX_LANGUAGE_STANDARD = "gnu++0x";
				CLANG_CXX_LIBRARY = "libc++";
				CLANG_ENABLE_MODULES = YES;
				CLANG_ENABLE_OBJC_ARC = YES;
				CLANG_WARN_BOOL_CONVERSION = YES;
				CLANG_WARN_CONSTANT_CONVERSION = YES;
				CLANG_WARN_DIRECT_OBJC_ISA_USAGE = YES_ERROR;
				CLANG_WARN_EMPTY_BODY = YES;
				CLANG_WARN_ENUM_CONVERSION = YES;
				CLANG_WARN_INT_CONVERSION = YES;
				CLANG_WARN_OBJC_ROOT_CLASS = YES_ERROR;
				CLANG_WARN_UNREACHABLE_CODE = YES;
				CLANG_WARN__DUPLICATE_METHOD_MATCH = YES;
				"CODE_SIGN_IDENTITY[sdk=iphoneos*]" = "iPhone Developer";
				COPY_PHASE_STRIP = YES;
				ENABLE_NS_ASSERTIONS = NO;
				ENABLE_STRICT_OBJC_MSGSEND = YES;
				GCC_C_LANGUAGE_STANDARD = gnu99;
				GCC_WARN_64_TO_32_BIT_CONVERSION = YES;
				GCC_WARN_ABOUT_RETURN_TYPE = YES_ERROR;
				GCC_WARN_UNDECLARED_SELECTOR = YES;
				GCC_WARN_UNINITIALIZED_AUTOS = YES_AGGRESSIVE;
				GCC_WARN_UNUSED_FUNCTION = YES;
				GCC_WARN_UNUSED_VARIABLE = YES;
				IPHONEOS_DEPLOYMENT_TARGET = 8.0;
				MTL_ENABLE_DEBUG_INFO = NO;
				SDKROOT = iphoneos;
				VALIDATE_PRODUCT = YES;
			};
			name = Release;
		};
		2EB7726B19F0C1B20035E8DC /* Debug */ = {
			isa = XCBuildConfiguration;
			buildSettings = {
				ASSETCATALOG_COMPILER_APPICON_NAME = AppIcon;
				INFOPLIST_FILE = "UITableViewController Challenge Solution/Info.plist";
				LD_RUNPATH_SEARCH_PATHS = "$(inherited) @executable_path/Frameworks";
				PRODUCT_NAME = "$(TARGET_NAME)";
			};
			name = Debug;
		};
		2EB7726C19F0C1B20035E8DC /* Release */ = {
			isa = XCBuildConfiguration;
			buildSettings = {
				ASSETCATALOG_COMPILER_APPICON_NAME = AppIcon;
				INFOPLIST_FILE = "UITableViewController Challenge Solution/Info.plist";
				LD_RUNPATH_SEARCH_PATHS = "$(inherited) @executable_path/Frameworks";
				PRODUCT_NAME = "$(TARGET_NAME)";
			};
			name = Release;
		};
		2EB7726E19F0C1B20035E8DC /* Debug */ = {
			isa = XCBuildConfiguration;
			buildSettings = {
				BUNDLE_LOADER = "$(TEST_HOST)";
				FRAMEWORK_SEARCH_PATHS = (
					"$(SDKROOT)/Developer/Library/Frameworks",
					"$(inherited)",
				);
				GCC_PREPROCESSOR_DEFINITIONS = (
					"DEBUG=1",
					"$(inherited)",
				);
				INFOPLIST_FILE = "UITableViewController Challenge SolutionTests/Info.plist";
				LD_RUNPATH_SEARCH_PATHS = "$(inherited) @executable_path/Frameworks @loader_path/Frameworks";
				PRODUCT_NAME = "$(TARGET_NAME)";
				TEST_HOST = "$(BUILT_PRODUCTS_DIR)/UITableViewController Challenge Solution.app/UITableViewController Challenge Solution";
			};
			name = Debug;
		};
		2EB7726F19F0C1B20035E8DC /* Release */ = {
			isa = XCBuildConfiguration;
			buildSettings = {
				BUNDLE_LOADER = "$(TEST_HOST)";
				FRAMEWORK_SEARCH_PATHS = (
					"$(SDKROOT)/Developer/Library/Frameworks",
					"$(inherited)",
				);
				INFOPLIST_FILE = "UITableViewController Challenge SolutionTests/Info.plist";
				LD_RUNPATH_SEARCH_PATHS = "$(inherited) @executable_path/Frameworks @loader_path/Frameworks";
				PRODUCT_NAME = "$(TARGET_NAME)";
				TEST_HOST = "$(BUILT_PRODUCTS_DIR)/UITableViewController Challenge Solution.app/UITableViewController Challenge Solution";
			};
			name = Release;
		};
/* End XCBuildConfiguration section */

/* Begin XCConfigurationList section */
		2EB7724219F0C1B20035E8DC /* Build configuration list for PBXProject "UITableViewController Challenge Solution" */ = {
			isa = XCConfigurationList;
			buildConfigurations = (
				2EB7726819F0C1B20035E8DC /* Debug */,
				2EB7726919F0C1B20035E8DC /* Release */,
			);
			defaultConfigurationIsVisible = 0;
			defaultConfigurationName = Release;
		};
		2EB7726A19F0C1B20035E8DC /* Build configuration list for PBXNativeTarget "UITableViewController Challenge Solution" */ = {
			isa = XCConfigurationList;
			buildConfigurations = (
				2EB7726B19F0C1B20035E8DC /* Debug */,
				2EB7726C19F0C1B20035E8DC /* Release */,
			);
			defaultConfigurationIsVisible = 0;
		};
		2EB7726D19F0C1B20035E8DC /* Build configuration list for PBXNativeTarget "UITableViewController Challenge SolutionTests" */ = {
			isa = XCConfigurationList;
			buildConfigurations = (
				2EB7726E19F0C1B20035E8DC /* Debug */,
				2EB7726F19F0C1B20035E8DC /* Release */,
			);
			defaultConfigurationIsVisible = 0;
		};
/* End XCConfigurationList section */
	};
	rootObject = 2EB7723F19F0C1B20035E8DC /* Project object */;
}
